
Microsoft Visual Studio Solution File, Format Version 12.00
# Visual Studio Version 17
VisualStudioVersion = 17.8.34316.72
MinimumVisualStudioVersion = 10.0.40219.1
Project("{FAE04EC0-301F-11D3-BF4B-00C04F79EFBC}") = "LifeInFocus.API", "src\LifeInFocus.API\LifeInFocus.API.csproj", "{3DDF935D-CC45-4E85-8555-AF88DFB3FC7A}"
EndProject
Project("{FAE04EC0-301F-11D3-BF4B-00C04F79EFBC}") = "LifeInFocus.Business", "src\LifeInFocus.Business\LifeInFocus.Business.csproj", "{0D6CF695-F8FA-451A-8226-AFA1EE3FA8EA}"
EndProject
Project("{FAE04EC0-301F-11D3-BF4B-00C04F79EFBC}") = "LifeInFocus.Data", "LifeInFocus.Data\LifeInFocus.Data.csproj", "{78C2A906-9D2D-4711-BAE6-5F0F15424E0F}"
EndProject
Global
	GlobalSection(SolutionConfigurationPlatforms) = preSolution
		Debug|Any CPU = Debug|Any CPU
		Release|Any CPU = Release|Any CPU
	EndGlobalSection
	GlobalSection(ProjectConfigurationPlatforms) = postSolution
		{3DDF935D-CC45-4E85-8555-AF88DFB3FC7A}.Debug|Any CPU.ActiveCfg = Debug|Any CPU
		{3DDF935D-CC45-4E85-8555-AF88DFB3FC7A}.Debug|Any CPU.Build.0 = Debug|Any CPU
		{3DDF935D-CC45-4E85-8555-AF88DFB3FC7A}.Release|Any CPU.ActiveCfg = Release|Any CPU
		{3DDF935D-CC45-4E85-8555-AF88DFB3FC7A}.Release|Any CPU.Build.0 = Release|Any CPU
		{0D6CF695-F8FA-451A-8226-AFA1EE3FA8EA}.Debug|Any CPU.ActiveCfg = Debug|Any CPU
		{0D6CF695-F8FA-451A-8226-AFA1EE3FA8EA}.Debug|Any CPU.Build.0 = Debug|Any CPU
		{0D6CF695-F8FA-451A-8226-AFA1EE3FA8EA}.Release|Any CPU.ActiveCfg = Release|Any CPU
		{0D6CF695-F8FA-451A-8226-AFA1EE3FA8EA}.Release|Any CPU.Build.0 = Release|Any CPU
		{78C2A906-9D2D-4711-BAE6-5F0F15424E0F}.Debug|Any CPU.ActiveCfg = Debug|Any CPU
		{78C2A906-9D2D-4711-BAE6-5F0F15424E0F}.Debug|Any CPU.Build.0 = Debug|Any CPU
		{78C2A906-9D2D-4711-BAE6-5F0F15424E0F}.Release|Any CPU.ActiveCfg = Release|Any CPU
		{78C2A906-9D2D-4711-BAE6-5F0F15424E0F}.Release|Any CPU.Build.0 = Release|Any CPU
	EndGlobalSection
	GlobalSection(SolutionProperties) = preSolution
		HideSolutionNode = FALSE
	EndGlobalSection
	GlobalSection(ExtensibilityGlobals) = postSolution
		SolutionGuid = {21D04D70-D1AB-4F74-8029-9AF6A9D9E4F5}
	EndGlobalSection
EndGlobal
